
Microsoft Visual Studio Solution File, Format Version 12.00
# Visual Studio Version 17
VisualStudioVersion = 17.5.33502.453
MinimumVisualStudioVersion = 10.0.40219.1
Project("{FAE04EC0-301F-11D3-BF4B-00C04F79EFBC}") = "KeyboardLayoutSwapper", "KeyboardLayoutSwapper.csproj", "{ADEDAA3C-3BA6-49BB-B30D-745898B70F20}"
EndProject
Global
	GlobalSection(SolutionConfigurationPlatforms) = preSolution
		Debug|Any CPU = Debug|Any CPU
		Release|Any CPU = Release|Any CPU
	EndGlobalSection
	GlobalSection(ProjectConfigurationPlatforms) = postSolution
		{ADEDAA3C-3BA6-49BB-B30D-745898B70F20}.Debug|Any CPU.ActiveCfg = Debug|Any CPU
		{ADEDAA3C-3BA6-49BB-B30D-745898B70F20}.Debug|Any CPU.Build.0 = Debug|Any CPU
		{ADEDAA3C-3BA6-49BB-B30D-745898B70F20}.Release|Any CPU.ActiveCfg = Release|Any CPU
		{ADEDAA3C-3BA6-49BB-B30D-745898B70F20}.Release|Any CPU.Build.0 = Release|Any CPU
	EndGlobalSection
	GlobalSection(SolutionProperties) = preSolution
		HideSolutionNode = FALSE
	EndGlobalSection
	GlobalSection(ExtensibilityGlobals) = postSolution
		SolutionGuid = {FD2308DC-2ADB-40AC-B486-FB1A692CFA0B}
	EndGlobalSection
EndGlobal
